
Microsoft Visual Studio Solution File, Format Version 12.00
# Visual Studio Version 17
VisualStudioVersion = 17.8.34330.188
MinimumVisualStudioVersion = 10.0.40219.1
Project("{FAE04EC0-301F-11D3-BF4B-00C04F79EFBC}") = "RINHABACKEND", "RINHABACKEND\RINHABACKEND.csproj", "{60F75929-4CD2-48B2-8889-FF6DA94C989A}"
EndProject
Global
	GlobalSection(SolutionConfigurationPlatforms) = preSolution
		Debug|Any CPU = Debug|Any CPU
		Release|Any CPU = Release|Any CPU
	EndGlobalSection
	GlobalSection(ProjectConfigurationPlatforms) = postSolution
		{60F75929-4CD2-48B2-8889-FF6DA94C989A}.Debug|Any CPU.ActiveCfg = Debug|Any CPU
		{60F75929-4CD2-48B2-8889-FF6DA94C989A}.Debug|Any CPU.Build.0 = Debug|Any CPU
		{60F75929-4CD2-48B2-8889-FF6DA94C989A}.Release|Any CPU.ActiveCfg = Release|Any CPU
		{60F75929-4CD2-48B2-8889-FF6DA94C989A}.Release|Any CPU.Build.0 = Release|Any CPU
	EndGlobalSection
	GlobalSection(SolutionProperties) = preSolution
		HideSolutionNode = FALSE
	EndGlobalSection
	GlobalSection(ExtensibilityGlobals) = postSolution
		SolutionGuid = {8338E7BF-B385-4A60-81A5-B0D18E56AB6B}
	EndGlobalSection
EndGlobal
